
Microsoft Visual Studio Solution File, Format Version 12.00
# Visual Studio Version 17
VisualStudioVersion = 17.9.34622.214
MinimumVisualStudioVersion = 10.0.40219.1
Project("{FAE04EC0-301F-11D3-BF4B-00C04F79EFBC}") = "juan", "juan\juan.csproj", "{090D7908-45D4-4A3A-B5FC-D314D323AECA}"
EndProject
Global
	GlobalSection(SolutionConfigurationPlatforms) = preSolution
		Debug|Any CPU = Debug|Any CPU
		Release|Any CPU = Release|Any CPU
	EndGlobalSection
	GlobalSection(ProjectConfigurationPlatforms) = postSolution
		{090D7908-45D4-4A3A-B5FC-D314D323AECA}.Debug|Any CPU.ActiveCfg = Debug|Any CPU
		{090D7908-45D4-4A3A-B5FC-D314D323AECA}.Debug|Any CPU.Build.0 = Debug|Any CPU
		{090D7908-45D4-4A3A-B5FC-D314D323AECA}.Release|Any CPU.ActiveCfg = Release|Any CPU
		{090D7908-45D4-4A3A-B5FC-D314D323AECA}.Release|Any CPU.Build.0 = Release|Any CPU
	EndGlobalSection
	GlobalSection(SolutionProperties) = preSolution
		HideSolutionNode = FALSE
	EndGlobalSection
	GlobalSection(ExtensibilityGlobals) = postSolution
		SolutionGuid = {6FDC6988-618D-448E-8F9B-68FFB3019176}
	EndGlobalSection
EndGlobal
